
Microsoft Visual Studio Solution File, Format Version 12.00
# Visual Studio Version 17
VisualStudioVersion = 17.11.35327.3
MinimumVisualStudioVersion = 10.0.40219.1
Project("{FAE04EC0-301F-11D3-BF4B-00C04F79EFBC}") = "ConsoleApp8", "ConsoleApp8.csproj", "{AE52B798-E638-4E3B-B15A-1DFE1A9FF774}"
EndProject
Global
	GlobalSection(SolutionConfigurationPlatforms) = preSolution
		Debug|Any CPU = Debug|Any CPU
		Release|Any CPU = Release|Any CPU
	EndGlobalSection
	GlobalSection(ProjectConfigurationPlatforms) = postSolution
		{AE52B798-E638-4E3B-B15A-1DFE1A9FF774}.Debug|Any CPU.ActiveCfg = Debug|Any CPU
		{AE52B798-E638-4E3B-B15A-1DFE1A9FF774}.Debug|Any CPU.Build.0 = Debug|Any CPU
		{AE52B798-E638-4E3B-B15A-1DFE1A9FF774}.Release|Any CPU.ActiveCfg = Release|Any CPU
		{AE52B798-E638-4E3B-B15A-1DFE1A9FF774}.Release|Any CPU.Build.0 = Release|Any CPU
	EndGlobalSection
	GlobalSection(SolutionProperties) = preSolution
		HideSolutionNode = FALSE
	EndGlobalSection
	GlobalSection(ExtensibilityGlobals) = postSolution
		SolutionGuid = {74C8CC32-DDC3-4D2A-AD4C-3991E41A1094}
	EndGlobalSection
EndGlobal
